// !$*UTF8*$!
{
	archiveVersion = 1;
	classes = {
	};
	objectVersion = 50;
	objects = {

/* Begin PBXBuildFile section */
		7906B5C0228B92EC004D037E /* AppDelegate.swift in Sources */ = {isa = PBXBuildFile; fileRef = 7906B5BF228B92EC004D037E /* AppDelegate.swift */; };
		7906B5C2228B92EC004D037E /* ViewController.swift in Sources */ = {isa = PBXBuildFile; fileRef = 7906B5C1228B92EC004D037E /* ViewController.swift */; };
		7906B5C5228B92EC004D037E /* Main.storyboard in Resources */ = {isa = PBXBuildFile; fileRef = 7906B5C3228B92EC004D037E /* Main.storyboard */; };
		7906B5C7228B92EE004D037E /* Assets.xcassets in Resources */ = {isa = PBXBuildFile; fileRef = 7906B5C6228B92EE004D037E /* Assets.xcassets */; };
		7906B5CA228B92EE004D037E /* LaunchScreen.storyboard in Resources */ = {isa = PBXBuildFile; fileRef = 7906B5C8228B92EE004D037E /* LaunchScreen.storyboard */; };
		7906B5D2228CBBB1004D037E /* MCAnimatedButton.swift in Sources */ = {isa = PBXBuildFile; fileRef = 7906B5D1228CBBB1004D037E /* MCAnimatedButton.swift */; };
/* End PBXBuildFile section */

/* Begin PBXFileReference section */
		7906B5BC228B92EC004D037E /* SwiftAnimations.app */ = {isa = PBXFileReference; explicitFileType = wrapper.application; includeInIndex = 0; path = SwiftAnimations.app; sourceTree = BUILT_PRODUCTS_DIR; };
		7906B5BF228B92EC004D037E /* AppDelegate.swift */ = {isa = PBXFileReference; lastKnownFileType = sourcecode.swift; path = AppDelegate.swift; sourceTree = "<group>"; };
		7906B5C1228B92EC004D037E /* ViewController.swift */ = {isa = PBXFileReference; lastKnownFileType = sourcecode.swift; path = ViewController.swift; sourceTree = "<group>"; };
		7906B5C4228B92EC004D037E /* Base */ = {isa = PBXFileReference; lastKnownFileType = file.storyboard; name = Base; path = Base.lproj/Main.storyboard; sourceTree = "<group>"; };
		7906B5C6228B92EE004D037E /* Assets.xcassets */ = {isa = PBXFileReference; lastKnownFileType = folder.assetcatalog; path = Assets.xcassets; sourceTree = "<group>"; };
		7906B5C9228B92EE004D037E /* Base */ = {isa = PBXFileReference; lastKnownFileType = file.storyboard; name = Base; path = Base.lproj/LaunchScreen.storyboard; sourceTree = "<group>"; };
		7906B5CB228B92EE004D037E /* Info.plist */ = {isa = PBXFileReference; lastKnownFileType = text.plist.xml; path = Info.plist; sourceTree = "<group>"; };
		7906B5D1228CBBB1004D037E /* MCAnimatedButton.swift */ = {isa = PBXFileReference; lastKnownFileType = sourcecode.swift; path = MCAnimatedButton.swift; sourceTree = "<group>"; };
/* End PBXFileReference section */

/* Begin PBXFrameworksBuildPhase section */
		7906B5B9228B92EC004D037E /* Frameworks */ = {
			isa = PBXFrameworksBuildPhase;
			buildActionMask = 2147483647;
			files = (
			);
			runOnlyForDeploymentPostprocessing = 0;
		};
/* End PBXFrameworksBuildPhase section */

/* Begin PBXGroup section */
		7906B5B3228B92EC004D037E = {
			isa = PBXGroup;
			children = (
				7906B5BE228B92EC004D037E /* SwiftAnimations */,
				7906B5BD228B92EC004D037E /* Products */,
			);
			sourceTree = "<group>";
		};
		7906B5BD228B92EC004D037E /* Products */ = {
			isa = PBXGroup;
			children = (
				7906B5BC228B92EC004D037E /* SwiftAnimations.app */,
			);
			name = Products;
			sourceTree = "<group>";
		};
		7906B5BE228B92EC004D037E /* SwiftAnimations */ = {
			isa = PBXGroup;
			children = (
				7906B5BF228B92EC004D037E /* AppDelegate.swift */,
				7906B5C1228B92EC004D037E /* ViewController.swift */,
				7906B5C3228B92EC004D037E /* Main.storyboard */,
				7906B5C6228B92EE004D037E /* Assets.xcassets */,
				7906B5C8228B92EE004D037E /* LaunchScreen.storyboard */,
				7906B5CB228B92EE004D037E /* Info.plist */,
				7906B5D1228CBBB1004D037E /* MCAnimatedButton.swift */,
			);
			path = SwiftAnimations;
			sourceTree = "<group>";
		};
/* End PBXGroup section */

/* Begin PBXNativeTarget section */
		7906B5BB228B92EC004D037E /* SwiftAnimations */ = {
			isa = PBXNativeTarget;
			buildConfigurationList = 7906B5CE228B92EE004D037E /* Build configuration list for PBXNativeTarget "SwiftAnimations" */;
			buildPhases = (
				7906B5B8228B92EC004D037E /* Sources */,
				7906B5B9228B92EC004D037E /* Frameworks */,
				7906B5BA228B92EC004D037E /* Resources */,
			);
			buildRules = (
			);
			dependencies = (
			);
			name = SwiftAnimations;
			productName = SwiftAnimations;
			productReference = 7906B5BC228B92EC004D037E /* SwiftAnimations.app */;
			productType = "com.apple.product-type.application";
		};
/* End PBXNativeTarget section */

/* Begin PBXProject section */
		7906B5B4228B92EC004D037E /* Project object */ = {
			isa = PBXProject;
			attributes = {
				LastSwiftUpdateCheck = 1020;
				LastUpgradeCheck = 1020;
				ORGANIZATIONNAME = Maxcodes;
				TargetAttributes = {
					7906B5BB228B92EC004D037E = {
						CreatedOnToolsVersion = 10.2.1;
					};
				};
			};
			buildConfigurationList = 7906B5B7228B92EC004D037E /* Build configuration list for PBXProject "SwiftAnimations" */;
			compatibilityVersion = "Xcode 9.3";
			developmentRegion = en;
			hasScannedForEncodings = 0;
			knownRegions = (
				en,
				Base,
			);
			mainGroup = 7906B5B3228B92EC004D037E;
			productRefGroup = 7906B5BD228B92EC004D037E /* Products */;
			projectDirPath = "";
			projectRoot = "";
			targets = (
				7906B5BB228B92EC004D037E /* SwiftAnimations */,
			);
		};
/* End PBXProject section */

/* Begin PBXResourcesBuildPhase section */
		7906B5BA228B92EC004D037E /* Resources */ = {
			isa = PBXResourcesBuildPhase;
			buildActionMask = 2147483647;
			files = (
				7906B5CA228B92EE004D037E /* LaunchScreen.storyboard in Resources */,
				7906B5C7228B92EE004D037E /* Assets.xcassets in Resources */,
				7906B5C5228B92EC004D037E /* Main.storyboard in Resources */,
			);
			runOnlyForDeploymentPostprocessing = 0;
		};
/* End PBXResourcesBuildPhase section */

/* Begin PBXSourcesBuildPhase section */
		7906B5B8228B92EC004D037E /* Sources */ = {
			isa = PBXSourcesBuildPhase;
			buildActionMask = 2147483647;
			files = (
				7906B5D2228CBBB1004D037E /* MCAnimatedButton.swift in Sources */,
				7906B5C2228B92EC004D037E /* ViewController.swift in Sources */,
				7906B5C0228B92EC004D037E /* AppDelegate.swift in Sources */,
			);
			runOnlyForDeploymentPostprocessing = 0;
		};
/* End PBXSourcesBuildPhase section */

/* Begin PBXVariantGroup section */
		7906B5C3228B92EC004D037E /* Main.storyboard */ = {
			isa = PBXVariantGroup;
			children = (
				7906B5C4228B92EC004D037E /* Base */,
			);
			name = Main.storyboard;
			sourceTree = "<group>";
		};
		7906B5C8228B92EE004D037E /* LaunchScreen.storyboard */ = {
			isa = PBXVariantGroup;
			children = (
				7906B5C9228B92EE004D037E /* Base */,
			);
			name = LaunchScreen.storyboard;
			sourceTree = "<group>";
		};
/* End PBXVariantGroup section */

/* Begin XCBuildConfiguration section */
		7906B5CC228B92EE004D037E /* Debug */ = {
			isa = XCBuildConfiguration;
			buildSettings = {
				ALWAYS_SEARCH_USER_PATHS = NO;
				CLANG_ANALYZER_NONNULL = YES;
				CLANG_ANALYZER_NUMBER_OBJECT_CONVERSION = YES_AGGRESSIVE;
				CLANG_CXX_LANGUAGE_STANDARD = "gnu++14";
				CLANG_CXX_LIBRARY = "libc++";
				CLANG_ENABLE_MODULES = YES;
				CLANG_ENABLE_OBJC_ARC = YES;
				CLANG_ENABLE_OBJC_WEAK = YES;
				CLANG_WARN_BLOCK_CAPTURE_AUTORELEASING = YES;
				CLANG_WARN_BOOL_CONVERSION = YES;
				CLANG_WARN_COMMA = YES;
				CLANG_WARN_CONSTANT_CONVERSION = YES;
				CLANG_WARN_DEPRECATED_OBJC_IMPLEMENTATIONS = YES;
				CLANG_WARN_DIRECT_OBJC_ISA_USAGE = YES_ERROR;
				CLANG_WARN_DOCUMENTATION_COMMENTS = YES;
				CLANG_WARN_EMPTY_BODY = YES;
				CLANG_WARN_ENUM_CONVERSION = YES;
				CLANG_WARN_INFINITE_RECURSION = YES;
				CLANG_WARN_INT_CONVERSION = YES;
				CLANG_WARN_NON_LITERAL_NULL_CONVERSION = YES;
				CLANG_WARN_OBJC_IMPLICIT_RETAIN_SELF = YES;
				CLANG_WARN_OBJC_LITERAL_CONVERSION = YES;
				CLANG_WARN_OBJC_ROOT_CLASS = YES_ERROR;
				CLANG_WARN_RANGE_LOOP_ANALYSIS = YES;
				CLANG_WARN_STRICT_PROTOTYPES = YES;
				CLANG_WARN_SUSPICIOUS_MOVE = YES;
				CLANG_WARN_UNGUARDED_AVAILABILITY = YES_AGGRESSIVE;
				CLANG_WARN_UNREACHABLE_CODE = YES;
				CLANG_WARN__DUPLICATE_METHOD_MATCH = YES;
				CODE_SIGN_IDENTITY = "iPhone Developer";
				COPY_PHASE_STRIP = NO;
				DEBUG_INFORMATION_FORMAT = dwarf;
				ENABLE_STRICT_OBJC_MSGSEND = YES;
				ENABLE_TESTABILITY = YES;
				GCC_C_LANGUAGE_STANDARD = gnu11;
				GCC_DYNAMIC_NO_PIC = NO;
				GCC_NO_COMMON_BLOCKS = YES;
				GCC_OPTIMIZATION_LEVEL = 0;
				GCC_PREPROCESSOR_DEFINITIONS = (
					"DEBUG=1",
					"$(inherited)",
				);
				GCC_WARN_64_TO_32_BIT_CONVERSION = YES;
				GCC_WARN_ABOUT_RETURN_TYPE = YES_ERROR;
				GCC_WARN_UNDECLARED_SELECTOR = YES;
				GCC_WARN_UNINITIALIZED_AUTOS = YES_AGGRESSIVE;
				GCC_WARN_UNUSED_FUNCTION = YES;
				GCC_WARN_UNUSED_VARIABLE = YES;
				IPHONEOS_DEPLOYMENT_TARGET = 12.2;
				MTL_ENABLE_DEBUG_INFO = INCLUDE_SOURCE;
				MTL_FAST_MATH = YES;
				ONLY_ACTIVE_ARCH = YES;
				SDKROOT = iphoneos;
				SWIFT_ACTIVE_COMPILATION_CONDITIONS = DEBUG;
				SWIFT_OPTIMIZATION_LEVEL = "-Onone";
			};
			name = Debug;
		};
		7906B5CD228B92EE004D037E /* Release */ = {
			isa = XCBuildConfiguration;
			buildSettings = {
				ALWAYS_SEARCH_USER_PATHS = NO;
				CLANG_ANALYZER_NONNULL = YES;
				CLANG_ANALYZER_NUMBER_OBJECT_CONVERSION = YES_AGGRESSIVE;
				CLANG_CXX_LANGUAGE_STANDARD = "gnu++14";
				CLANG_CXX_LIBRARY = "libc++";
				CLANG_ENABLE_MODULES = YES;
				CLANG_ENABLE_OBJC_ARC = YES;
				CLANG_ENABLE_OBJC_WEAK = YES;
				CLANG_WARN_BLOCK_CAPTURE_AUTORELEASING = YES;
				CLANG_WARN_BOOL_CONVERSION = YES;
				CLANG_WARN_COMMA = YES;
				CLANG_WARN_CONSTANT_CONVERSION = YES;
				CLANG_WARN_DEPRECATED_OBJC_IMPLEMENTATIONS = YES;
				CLANG_WARN_DIRECT_OBJC_ISA_USAGE = YES_ERROR;
				CLANG_WARN_DOCUMENTATION_COMMENTS = YES;
				CLANG_WARN_EMPTY_BODY = YES;
				CLANG_WARN_ENUM_CONVERSION = YES;
				CLANG_WARN_INFINITE_RECURSION = YES;
				CLANG_WARN_INT_CONVERSION = YES;
				CLANG_WARN_NON_LITERAL_NULL_CONVERSION = YES;
				CLANG_WARN_OBJC_IMPLICIT_RETAIN_SELF = YES;
				CLANG_WARN_OBJC_LITERAL_CONVERSION = YES;
				CLANG_WARN_OBJC_ROOT_CLASS = YES_ERROR;
				CLANG_WARN_RANGE_LOOP_ANALYSIS = YES;
				CLANG_WARN_STRICT_PROTOTYPES = YES;
				CLANG_WARN_SUSPICIOUS_MOVE = YES;
				CLANG_WARN_UNGUARDED_AVAILABILITY = YES_AGGRESSIVE;
				CLANG_WARN_UNREACHABLE_CODE = YES;
				CLANG_WARN__DUPLICATE_METHOD_MATCH = YES;
				CODE_SIGN_IDENTITY = "iPhone Developer";
				COPY_PHASE_STRIP = NO;
				DEBUG_INFORMATION_FORMAT = "dwarf-with-dsym";
				ENABLE_NS_ASSERTIONS = NO;
				ENABLE_STRICT_OBJC_MSGSEND = YES;
				GCC_C_LANGUAGE_STANDARD = gnu11;
				GCC_NO_COMMON_BLOCKS = YES;
				GCC_WARN_64_TO_32_BIT_CONVERSION = YES;
				GCC_WARN_ABOUT_RETURN_TYPE = YES_ERROR;
				GCC_WARN_UNDECLARED_SELECTOR = YES;
				GCC_WARN_UNINITIALIZED_AUTOS = YES_AGGRESSIVE;
				GCC_WARN_UNUSED_FUNCTION = YES;
				GCC_WARN_UNUSED_VARIABLE = YES;
				IPHONEOS_DEPLOYMENT_TARGET = 12.2;
				MTL_ENABLE_DEBUG_INFO = NO;
				MTL_FAST_MATH = YES;
				SDKROOT = iphoneos;
				SWIFT_COMPILATION_MODE = wholemodule;
				SWIFT_OPTIMIZATION_LEVEL = "-O";
				VALIDATE_PRODUCT = YES;
			};
			name = Release;
		};
		7906B5CF228B92EE004D037E /* Debug */ = {
			isa = XCBuildConfiguration;
			buildSettings = {
				ASSETCATALOG_COMPILER_APPICON_NAME = AppIcon;
				CODE_SIGN_STYLE = Automatic;
				DEVELOPMENT_TEAM = VETRU2J3NX;
				INFOPLIST_FILE = SwiftAnimations/Info.plist;
				LD_RUNPATH_SEARCH_PATHS = (
					"$(inherited)",
					"@executable_path/Frameworks",
				);
				PRODUCT_BUNDLE_IDENTIFIER = com.maxcodes.SwiftAnimations;
				PRODUCT_NAME = "$(TARGET_NAME)";
				SWIFT_VERSION = 5.0;
				TARGETED_DEVICE_FAMILY = "1,2";
			};
			name = Debug;
		};
		7906B5D0228B92EE004D037E /* Release */ = {
			isa = XCBuildConfiguration;
			buildSettings = {
				ASSETCATALOG_COMPILER_APPICON_NAME = AppIcon;
				CODE_SIGN_STYLE = Automatic;
				DEVELOPMENT_TEAM = VETRU2J3NX;
				INFOPLIST_FILE = SwiftAnimations/Info.plist;
				LD_RUNPATH_SEARCH_PATHS = (
					"$(inherited)",
					"@executable_path/Frameworks",
				);
				PRODUCT_BUNDLE_IDENTIFIER = com.maxcodes.SwiftAnimations;
				PRODUCT_NAME = "$(TARGET_NAME)";
				SWIFT_VERSION = 5.0;
				TARGETED_DEVICE_FAMILY = "1,2";
			};
			name = Release;
		};
/* End XCBuildConfiguration section */

/* Begin XCConfigurationList section */
		7906B5B7228B92EC004D037E /* Build configuration list for PBXProject "SwiftAnimations" */ = {
			isa = XCConfigurationList;
			buildConfigurations = (
				7906B5CC228B92EE004D037E /* Debug */,
				7906B5CD228B92EE004D037E /* Release */,
			);
			defaultConfigurationIsVisible = 0;
			defaultConfigurationName = Release;
		};
		7906B5CE228B92EE004D037E /* Build configuration list for PBXNativeTarget "SwiftAnimations" */ = {
			isa = XCConfigurationList;
			buildConfigurations = (
				7906B5CF228B92EE004D037E /* Debug */,
				7906B5D0228B92EE004D037E /* Release */,
			);
			defaultConfigurationIsVisible = 0;
			defaultConfigurationName = Release;
		};
/* End XCConfigurationList section */
	};
	rootObject = 7906B5B4228B92EC004D037E /* Project object */;
}
